
Microsoft Visual Studio Solution File, Format Version 12.00
# Visual Studio Version 17
VisualStudioVersion = 17.7.34031.279
MinimumVisualStudioVersion = 10.0.40219.1
Project("{FAE04EC0-301F-11D3-BF4B-00C04F79EFBC}") = "hw_6_task_1", "hw_6_task_1\hw_6_task_1.csproj", "{2A344D13-D8E1-4DBD-A45C-245F5827312B}"
EndProject
Global
	GlobalSection(SolutionConfigurationPlatforms) = preSolution
		Debug|Any CPU = Debug|Any CPU
		Release|Any CPU = Release|Any CPU
	EndGlobalSection
	GlobalSection(ProjectConfigurationPlatforms) = postSolution
		{2A344D13-D8E1-4DBD-A45C-245F5827312B}.Debug|Any CPU.ActiveCfg = Debug|Any CPU
		{2A344D13-D8E1-4DBD-A45C-245F5827312B}.Debug|Any CPU.Build.0 = Debug|Any CPU
		{2A344D13-D8E1-4DBD-A45C-245F5827312B}.Release|Any CPU.ActiveCfg = Release|Any CPU
		{2A344D13-D8E1-4DBD-A45C-245F5827312B}.Release|Any CPU.Build.0 = Release|Any CPU
	EndGlobalSection
	GlobalSection(SolutionProperties) = preSolution
		HideSolutionNode = FALSE
	EndGlobalSection
	GlobalSection(ExtensibilityGlobals) = postSolution
		SolutionGuid = {CEFE763D-A14C-4379-9BF5-0A6A1C90456A}
	EndGlobalSection
EndGlobal
